
Microsoft Visual Studio Solution File, Format Version 10.00
# Visual Studio 2008
Project("{FAE04EC0-301F-11D3-BF4B-00C04F79EFBC}") = "System.Linq.JQuery", "System.Linq.JQuery\System.Linq.JQuery.csproj", "{64B35A66-E00F-43C9-A7CE-FCB635EF5827}"
EndProject
Project("{FAE04EC0-301F-11D3-BF4B-00C04F79EFBC}") = "System.Linq.JQuery.Tests", "System.Linq.JQuery.Tests\System.Linq.JQuery.Tests.csproj", "{EE51017A-0A94-4BDA-800A-F296A5CD19BB}"
EndProject
Global
	GlobalSection(SolutionConfigurationPlatforms) = preSolution
		Debug|Any CPU = Debug|Any CPU
		Release|Any CPU = Release|Any CPU
	EndGlobalSection
	GlobalSection(ProjectConfigurationPlatforms) = postSolution
		{64B35A66-E00F-43C9-A7CE-FCB635EF5827}.Debug|Any CPU.ActiveCfg = Debug|Any CPU
		{64B35A66-E00F-43C9-A7CE-FCB635EF5827}.Debug|Any CPU.Build.0 = Debug|Any CPU
		{64B35A66-E00F-43C9-A7CE-FCB635EF5827}.Release|Any CPU.ActiveCfg = Release|Any CPU
		{64B35A66-E00F-43C9-A7CE-FCB635EF5827}.Release|Any CPU.Build.0 = Release|Any CPU
		{EE51017A-0A94-4BDA-800A-F296A5CD19BB}.Debug|Any CPU.ActiveCfg = Debug|Any CPU
		{EE51017A-0A94-4BDA-800A-F296A5CD19BB}.Debug|Any CPU.Build.0 = Debug|Any CPU
		{EE51017A-0A94-4BDA-800A-F296A5CD19BB}.Release|Any CPU.ActiveCfg = Release|Any CPU
		{EE51017A-0A94-4BDA-800A-F296A5CD19BB}.Release|Any CPU.Build.0 = Release|Any CPU
	EndGlobalSection
	GlobalSection(SolutionProperties) = preSolution
		HideSolutionNode = FALSE
	EndGlobalSection
EndGlobal
